Microsoft Visual Studio Solution File, Format Version 11.00
# Visual Studio 2008

Project("{A95AA1BF-A280-CD63-D844-E99BADCF65EC}") = "UnitySerialportAutoChangeSample", "Assembly-CSharp.csproj", "{31BCC93C-ADC1-C100-582C-F404FAF7F336}"
EndProject
Global
	GlobalSection(SolutionConfigurationPlatforms) = preSolution
		Debug|Any CPU = Debug|Any CPU
		Release|Any CPU = Release|Any CPU
	EndGlobalSection
	GlobalSection(ProjectConfigurationPlatforms) = postSolution
		{31BCC93C-ADC1-C100-582C-F404FAF7F336}.Debug|Any CPU.ActiveCfg = Debug|Any CPU
		{31BCC93C-ADC1-C100-582C-F404FAF7F336}.Debug|Any CPU.Build.0 = Debug|Any CPU
		{31BCC93C-ADC1-C100-582C-F404FAF7F336}.Release|Any CPU.ActiveCfg = Release|Any CPU
		{31BCC93C-ADC1-C100-582C-F404FAF7F336}.Release|Any CPU.Build.0 = Release|Any CPU
	EndGlobalSection
	GlobalSection(SolutionProperties) = preSolution
		HideSolutionNode = FALSE
	EndGlobalSection
	GlobalSection(MonoDevelopProperties) = preSolution
		StartupItem = Assembly-CSharp.csproj
	EndGlobalSection
EndGlobal
